Microsoft Visual Studio Solution File, Format Version 12.00
# Visual Studio Version 17
VisualStudioVersion = 17.5.2.0
MinimumVisualStudioVersion = 10.0.40219.1
Project("{FAE04EC0-301F-11D3-BF4B-00C04F79EFBC}") = "projectManager", "projectManager.csproj", "{AB28F716-2474-D55C-0092-F1E35469B61C}"
EndProject
Global
	GlobalSection(SolutionConfigurationPlatforms) = preSolution
		Debug|Any CPU = Debug|Any CPU
		Release|Any CPU = Release|Any CPU
	EndGlobalSection
	GlobalSection(ProjectConfigurationPlatforms) = postSolution
		{AB28F716-2474-D55C-0092-F1E35469B61C}.Debug|Any CPU.ActiveCfg = Debug|Any CPU
		{AB28F716-2474-D55C-0092-F1E35469B61C}.Debug|Any CPU.Build.0 = Debug|Any CPU
		{AB28F716-2474-D55C-0092-F1E35469B61C}.Release|Any CPU.ActiveCfg = Release|Any CPU
		{AB28F716-2474-D55C-0092-F1E35469B61C}.Release|Any CPU.Build.0 = Release|Any CPU
	EndGlobalSection
	GlobalSection(SolutionProperties) = preSolution
		HideSolutionNode = FALSE
	EndGlobalSection
	GlobalSection(ExtensibilityGlobals) = postSolution
		SolutionGuid = {CD7447C7-1093-4FF8-985E-BE1BB41AA0F6}
	EndGlobalSection
EndGlobal
